
Microsoft Visual Studio Solution File, Format Version 12.00
Project("{FAE04EC0-301F-11D3-BF4B-00C04F79EFBC}") = "BookList.Api", "BookList.Api\BookList.Api.csproj", "{C959BA2F-07EC-4934-BCF8-21BF423F44BD}"
EndProject
Project("{FAE04EC0-301F-11D3-BF4B-00C04F79EFBC}") = "BookList.DataAccess", "BookList.DataAccess\BookList.DataAccess.csproj", "{F09B0573-5AC7-4046-AE9F-A5805F6B6752}"
EndProject
Project("{FAE04EC0-301F-11D3-BF4B-00C04F79EFBC}") = "BookList.Core", "BookList.Core\BookList.Core.csproj", "{861564E0-B8FD-43D3-B7E7-7ED4E096F885}"
EndProject
Project("{FAE04EC0-301F-11D3-BF4B-00C04F79EFBC}") = "BookList.Application", "BookList.Application\BookList.Application.csproj", "{16A282A9-C261-4387-AC23-25A9229A506C}"
EndProject
Project("{2150E333-8FDC-42A3-9474-1A3956D46DE8}") = "Solution Items", "Solution Items", "{2EF15963-BD44-45C1-B02A-27126B11033E}"
	ProjectSection(SolutionItems) = preProject
		compose.yaml = compose.yaml
	EndProjectSection
EndProject
Project("{FAE04EC0-301F-11D3-BF4B-00C04F79EFBC}") = "BookList.Auth", "BookList.Auth\BookList.Auth.csproj", "{3D54A17F-AA28-41E9-A8D3-022741320D87}"
EndProject
Global
	GlobalSection(SolutionConfigurationPlatforms) = preSolution
		Debug|Any CPU = Debug|Any CPU
		Release|Any CPU = Release|Any CPU
	EndGlobalSection
	GlobalSection(ProjectConfigurationPlatforms) = postSolution
		{C959BA2F-07EC-4934-BCF8-21BF423F44BD}.Debug|Any CPU.ActiveCfg = Debug|Any CPU
		{C959BA2F-07EC-4934-BCF8-21BF423F44BD}.Debug|Any CPU.Build.0 = Debug|Any CPU
		{C959BA2F-07EC-4934-BCF8-21BF423F44BD}.Release|Any CPU.ActiveCfg = Release|Any CPU
		{C959BA2F-07EC-4934-BCF8-21BF423F44BD}.Release|Any CPU.Build.0 = Release|Any CPU
		{F09B0573-5AC7-4046-AE9F-A5805F6B6752}.Debug|Any CPU.ActiveCfg = Debug|Any CPU
		{F09B0573-5AC7-4046-AE9F-A5805F6B6752}.Debug|Any CPU.Build.0 = Debug|Any CPU
		{F09B0573-5AC7-4046-AE9F-A5805F6B6752}.Release|Any CPU.ActiveCfg = Release|Any CPU
		{F09B0573-5AC7-4046-AE9F-A5805F6B6752}.Release|Any CPU.Build.0 = Release|Any CPU
		{861564E0-B8FD-43D3-B7E7-7ED4E096F885}.Debug|Any CPU.ActiveCfg = Debug|Any CPU
		{861564E0-B8FD-43D3-B7E7-7ED4E096F885}.Debug|Any CPU.Build.0 = Debug|Any CPU
		{861564E0-B8FD-43D3-B7E7-7ED4E096F885}.Release|Any CPU.ActiveCfg = Release|Any CPU
		{861564E0-B8FD-43D3-B7E7-7ED4E096F885}.Release|Any CPU.Build.0 = Release|Any CPU
		{16A282A9-C261-4387-AC23-25A9229A506C}.Debug|Any CPU.ActiveCfg = Debug|Any CPU
		{16A282A9-C261-4387-AC23-25A9229A506C}.Debug|Any CPU.Build.0 = Debug|Any CPU
		{16A282A9-C261-4387-AC23-25A9229A506C}.Release|Any CPU.ActiveCfg = Release|Any CPU
		{16A282A9-C261-4387-AC23-25A9229A506C}.Release|Any CPU.Build.0 = Release|Any CPU
		{3D54A17F-AA28-41E9-A8D3-022741320D87}.Debug|Any CPU.ActiveCfg = Debug|Any CPU
		{3D54A17F-AA28-41E9-A8D3-022741320D87}.Debug|Any CPU.Build.0 = Debug|Any CPU
		{3D54A17F-AA28-41E9-A8D3-022741320D87}.Release|Any CPU.ActiveCfg = Release|Any CPU
		{3D54A17F-AA28-41E9-A8D3-022741320D87}.Release|Any CPU.Build.0 = Release|Any CPU
	EndGlobalSection
EndGlobal
